// !$*UTF8*$!
{
	archiveVersion = 1;
	classes = {
	};
	objectVersion = 48;
	objects = {

/* Begin PBXBuildFile section */
		E84BE97720692960009B3310 /* main.cpp in Sources */ = {isa = PBXBuildFile; fileRef = E84BE97620692960009B3310 /* main.cpp */; };
		E84BE97F206929AF009B3310 /* kod.cpp in Sources */ = {isa = PBXBuildFile; fileRef = E84BE97D206929AF009B3310 /* kod.cpp */; };
		E84BE982206A94AC009B3310 /* coder.cpp in Sources */ = {isa = PBXBuildFile; fileRef = E84BE980206A94AC009B3310 /* coder.cpp */; };
		E84BE985206A94DB009B3310 /* decoder.cpp in Sources */ = {isa = PBXBuildFile; fileRef = E84BE983206A94DB009B3310 /* decoder.cpp */; };
/* End PBXBuildFile section */

/* Begin PBXCopyFilesBuildPhase section */
		E84BE9712069295F009B3310 /* CopyFiles */ = {
			isa = PBXCopyFilesBuildPhase;
			buildActionMask = 2147483647;
			dstPath = /usr/share/man/man1/;
			dstSubfolderSpec = 0;
			files = (
			);
			runOnlyForDeploymentPostprocessing = 1;
		};
/* End PBXCopyFilesBuildPhase section */

/* Begin PBXFileReference section */
		E84BE97320692960009B3310 /* kodowanie */ = {isa = PBXFileReference; explicitFileType = "compiled.mach-o.executable"; includeInIndex = 0; path = kodowanie; sourceTree = BUILT_PRODUCTS_DIR; };
		E84BE97620692960009B3310 /* main.cpp */ = {isa = PBXFileReference; lastKnownFileType = sourcecode.cpp.cpp; path = main.cpp; sourceTree = "<group>"; };
		E84BE97D206929AF009B3310 /* kod.cpp */ = {isa = PBXFileReference; lastKnownFileType = sourcecode.cpp.cpp; path = kod.cpp; sourceTree = "<group>"; };
		E84BE97E206929AF009B3310 /* kod.hpp */ = {isa = PBXFileReference; lastKnownFileType = sourcecode.cpp.h; path = kod.hpp; sourceTree = "<group>"; };
		E84BE980206A94AC009B3310 /* coder.cpp */ = {isa = PBXFileReference; lastKnownFileType = sourcecode.cpp.cpp; path = coder.cpp; sourceTree = "<group>"; };
		E84BE981206A94AC009B3310 /* coder.hpp */ = {isa = PBXFileReference; lastKnownFileType = sourcecode.cpp.h; path = coder.hpp; sourceTree = "<group>"; };
		E84BE983206A94DB009B3310 /* decoder.cpp */ = {isa = PBXFileReference; lastKnownFileType = sourcecode.cpp.cpp; path = decoder.cpp; sourceTree = "<group>"; };
		E84BE984206A94DB009B3310 /* decoder.hpp */ = {isa = PBXFileReference; lastKnownFileType = sourcecode.cpp.h; path = decoder.hpp; sourceTree = "<group>"; };
		E84BE986206A9F24009B3310 /* classDescription */ = {isa = PBXFileReference; lastKnownFileType = text; path = classDescription; sourceTree = "<group>"; };
/* End PBXFileReference section */

/* Begin PBXFrameworksBuildPhase section */
		E84BE9702069295F009B3310 /* Frameworks */ = {
			isa = PBXFrameworksBuildPhase;
			buildActionMask = 2147483647;
			files = (
			);
			runOnlyForDeploymentPostprocessing = 0;
		};
/* End PBXFrameworksBuildPhase section */

/* Begin PBXGroup section */
		E84BE96A2069295F009B3310 = {
			isa = PBXGroup;
			children = (
				E84BE97520692960009B3310 /* kodowanie */,
				E84BE97420692960009B3310 /* Products */,
			);
			sourceTree = "<group>";
		};
		E84BE97420692960009B3310 /* Products */ = {
			isa = PBXGroup;
			children = (
				E84BE97320692960009B3310 /* kodowanie */,
			);
			name = Products;
			sourceTree = "<group>";
		};
		E84BE97520692960009B3310 /* kodowanie */ = {
			isa = PBXGroup;
			children = (
				E84BE97620692960009B3310 /* main.cpp */,
				E84BE980206A94AC009B3310 /* coder.cpp */,
				E84BE981206A94AC009B3310 /* coder.hpp */,
				E84BE986206A9F24009B3310 /* classDescription */,
				E84BE983206A94DB009B3310 /* decoder.cpp */,
				E84BE984206A94DB009B3310 /* decoder.hpp */,
				E84BE97D206929AF009B3310 /* kod.cpp */,
				E84BE97E206929AF009B3310 /* kod.hpp */,
			);
			path = kodowanie;
			sourceTree = "<group>";
		};
/* End PBXGroup section */

/* Begin PBXNativeTarget section */
		E84BE9722069295F009B3310 /* kodowanie */ = {
			isa = PBXNativeTarget;
			buildConfigurationList = E84BE97A20692960009B3310 /* Build configuration list for PBXNativeTarget "kodowanie" */;
			buildPhases = (
				E84BE96F2069295F009B3310 /* Sources */,
				E84BE9702069295F009B3310 /* Frameworks */,
				E84BE9712069295F009B3310 /* CopyFiles */,
			);
			buildRules = (
			);
			dependencies = (
			);
			name = kodowanie;
			productName = kodowanie;
			productReference = E84BE97320692960009B3310 /* kodowanie */;
			productType = "com.apple.product-type.tool";
		};
/* End PBXNativeTarget section */

/* Begin PBXProject section */
		E84BE96B2069295F009B3310 /* Project object */ = {
			isa = PBXProject;
			attributes = {
				LastUpgradeCheck = 0920;
				ORGANIZATIONNAME = "Adam Stanislawski";
				TargetAttributes = {
					E84BE9722069295F009B3310 = {
						CreatedOnToolsVersion = 9.2;
						ProvisioningStyle = Automatic;
					};
				};
			};
			buildConfigurationList = E84BE96E2069295F009B3310 /* Build configuration list for PBXProject "kodowanie" */;
			compatibilityVersion = "Xcode 8.0";
			developmentRegion = en;
			hasScannedForEncodings = 0;
			knownRegions = (
				en,
			);
			mainGroup = E84BE96A2069295F009B3310;
			productRefGroup = E84BE97420692960009B3310 /* Products */;
			projectDirPath = "";
			projectRoot = "";
			targets = (
				E84BE9722069295F009B3310 /* kodowanie */,
			);
		};
/* End PBXProject section */

/* Begin PBXSourcesBuildPhase section */
		E84BE96F2069295F009B3310 /* Sources */ = {
			isa = PBXSourcesBuildPhase;
			buildActionMask = 2147483647;
			files = (
				E84BE982206A94AC009B3310 /* coder.cpp in Sources */,
				E84BE97F206929AF009B3310 /* kod.cpp in Sources */,
				E84BE985206A94DB009B3310 /* decoder.cpp in Sources */,
				E84BE97720692960009B3310 /* main.cpp in Sources */,
			);
			runOnlyForDeploymentPostprocessing = 0;
		};
/* End PBXSourcesBuildPhase section */

/* Begin XCBuildConfiguration section */
		E84BE97820692960009B3310 /* Debug */ = {
			isa = XCBuildConfiguration;
			buildSettings = {
				ALWAYS_SEARCH_USER_PATHS = NO;
				CLANG_ANALYZER_NONNULL = YES;
				CLANG_ANALYZER_NUMBER_OBJECT_CONVERSION = YES_AGGRESSIVE;
				CLANG_CXX_LANGUAGE_STANDARD = "gnu++14";
				CLANG_CXX_LIBRARY = "libc++";
				CLANG_ENABLE_MODULES = YES;
				CLANG_ENABLE_OBJC_ARC = YES;
				CLANG_WARN_BLOCK_CAPTURE_AUTORELEASING = YES;
				CLANG_WARN_BOOL_CONVERSION = YES;
				CLANG_WARN_COMMA = YES;
				CLANG_WARN_CONSTANT_CONVERSION = YES;
				CLANG_WARN_DIRECT_OBJC_ISA_USAGE = YES_ERROR;
				CLANG_WARN_DOCUMENTATION_COMMENTS = YES;
				CLANG_WARN_EMPTY_BODY = YES;
				CLANG_WARN_ENUM_CONVERSION = YES;
				CLANG_WARN_INFINITE_RECURSION = YES;
				CLANG_WARN_INT_CONVERSION = YES;
				CLANG_WARN_NON_LITERAL_NULL_CONVERSION = YES;
				CLANG_WARN_OBJC_LITERAL_CONVERSION = YES;
				CLANG_WARN_OBJC_ROOT_CLASS = YES_ERROR;
				CLANG_WARN_RANGE_LOOP_ANALYSIS = YES;
				CLANG_WARN_STRICT_PROTOTYPES = YES;
				CLANG_WARN_SUSPICIOUS_MOVE = YES;
				CLANG_WARN_UNGUARDED_AVAILABILITY = YES_AGGRESSIVE;
				CLANG_WARN_UNREACHABLE_CODE = YES;
				CLANG_WARN__DUPLICATE_METHOD_MATCH = YES;
				CODE_SIGN_IDENTITY = "Mac Developer";
				COPY_PHASE_STRIP = NO;
				DEBUG_INFORMATION_FORMAT = dwarf;
				ENABLE_STRICT_OBJC_MSGSEND = YES;
				ENABLE_TESTABILITY = YES;
				GCC_C_LANGUAGE_STANDARD = gnu11;
				GCC_DYNAMIC_NO_PIC = NO;
				GCC_NO_COMMON_BLOCKS = YES;
				GCC_OPTIMIZATION_LEVEL = 0;
				GCC_PREPROCESSOR_DEFINITIONS = (
					"DEBUG=1",
					"$(inherited)",
				);
				GCC_WARN_64_TO_32_BIT_CONVERSION = YES;
				GCC_WARN_ABOUT_RETURN_TYPE = YES_ERROR;
				GCC_WARN_UNDECLARED_SELECTOR = YES;
				GCC_WARN_UNINITIALIZED_AUTOS = YES_AGGRESSIVE;
				GCC_WARN_UNUSED_FUNCTION = YES;
				GCC_WARN_UNUSED_VARIABLE = YES;
				MACOSX_DEPLOYMENT_TARGET = 10.13;
				MTL_ENABLE_DEBUG_INFO = YES;
				ONLY_ACTIVE_ARCH = YES;
				SDKROOT = macosx;
			};
			name = Debug;
		};
		E84BE97920692960009B3310 /* Release */ = {
			isa = XCBuildConfiguration;
			buildSettings = {
				ALWAYS_SEARCH_USER_PATHS = NO;
				CLANG_ANALYZER_NONNULL = YES;
				CLANG_ANALYZER_NUMBER_OBJECT_CONVERSION = YES_AGGRESSIVE;
				CLANG_CXX_LANGUAGE_STANDARD = "gnu++14";
				CLANG_CXX_LIBRARY = "libc++";
				CLANG_ENABLE_MODULES = YES;
				CLANG_ENABLE_OBJC_ARC = YES;
				CLANG_WARN_BLOCK_CAPTURE_AUTORELEASING = YES;
				CLANG_WARN_BOOL_CONVERSION = YES;
				CLANG_WARN_COMMA = YES;
				CLANG_WARN_CONSTANT_CONVERSION = YES;
				CLANG_WARN_DIRECT_OBJC_ISA_USAGE = YES_ERROR;
				CLANG_WARN_DOCUMENTATION_COMMENTS = YES;
				CLANG_WARN_EMPTY_BODY = YES;
				CLANG_WARN_ENUM_CONVERSION = YES;
				CLANG_WARN_INFINITE_RECURSION = YES;
				CLANG_WARN_INT_CONVERSION = YES;
				CLANG_WARN_NON_LITERAL_NULL_CONVERSION = YES;
				CLANG_WARN_OBJC_LITERAL_CONVERSION = YES;
				CLANG_WARN_OBJC_ROOT_CLASS = YES_ERROR;
				CLANG_WARN_RANGE_LOOP_ANALYSIS = YES;
				CLANG_WARN_STRICT_PROTOTYPES = YES;
				CLANG_WARN_SUSPICIOUS_MOVE = YES;
				CLANG_WARN_UNGUARDED_AVAILABILITY = YES_AGGRESSIVE;
				CLANG_WARN_UNREACHABLE_CODE = YES;
				CLANG_WARN__DUPLICATE_METHOD_MATCH = YES;
				CODE_SIGN_IDENTITY = "Mac Developer";
				COPY_PHASE_STRIP = NO;
				DEBUG_INFORMATION_FORMAT = "dwarf-with-dsym";
				ENABLE_NS_ASSERTIONS = NO;
				ENABLE_STRICT_OBJC_MSGSEND = YES;
				GCC_C_LANGUAGE_STANDARD = gnu11;
				GCC_NO_COMMON_BLOCKS = YES;
				GCC_WARN_64_TO_32_BIT_CONVERSION = YES;
				GCC_WARN_ABOUT_RETURN_TYPE = YES_ERROR;
				GCC_WARN_UNDECLARED_SELECTOR = YES;
				GCC_WARN_UNINITIALIZED_AUTOS = YES_AGGRESSIVE;
				GCC_WARN_UNUSED_FUNCTION = YES;
				GCC_WARN_UNUSED_VARIABLE = YES;
				MACOSX_DEPLOYMENT_TARGET = 10.13;
				MTL_ENABLE_DEBUG_INFO = NO;
				SDKROOT = macosx;
			};
			name = Release;
		};
		E84BE97B20692960009B3310 /* Debug */ = {
			isa = XCBuildConfiguration;
			buildSettings = {
				CODE_SIGN_STYLE = Automatic;
				DEVELOPMENT_TEAM = F7J2M5SD87;
				PRODUCT_NAME = "$(TARGET_NAME)";
			};
			name = Debug;
		};
		E84BE97C20692960009B3310 /* Release */ = {
			isa = XCBuildConfiguration;
			buildSettings = {
				CODE_SIGN_STYLE = Automatic;
				DEVELOPMENT_TEAM = F7J2M5SD87;
				PRODUCT_NAME = "$(TARGET_NAME)";
			};
			name = Release;
		};
/* End XCBuildConfiguration section */

/* Begin XCConfigurationList section */
		E84BE96E2069295F009B3310 /* Build configuration list for PBXProject "kodowanie" */ = {
			isa = XCConfigurationList;
			buildConfigurations = (
				E84BE97820692960009B3310 /* Debug */,
				E84BE97920692960009B3310 /* Release */,
			);
			defaultConfigurationIsVisible = 0;
			defaultConfigurationName = Release;
		};
		E84BE97A20692960009B3310 /* Build configuration list for PBXNativeTarget "kodowanie" */ = {
			isa = XCConfigurationList;
			buildConfigurations = (
				E84BE97B20692960009B3310 /* Debug */,
				E84BE97C20692960009B3310 /* Release */,
			);
			defaultConfigurationIsVisible = 0;
			defaultConfigurationName = Release;
		};
/* End XCConfigurationList section */
	};
	rootObject = E84BE96B2069295F009B3310 /* Project object */;
}
